
Microsoft Visual Studio Solution File, Format Version 12.00
# Visual Studio Version 16
VisualStudioVersion = 16.0.30804.86
MinimumVisualStudioVersion = 10.0.40219.1
Project("{FAE04EC0-301F-11D3-BF4B-00C04F79EFBC}") = "AtpParser", "AtpParser.csproj", "{F42538F9-F576-4404-804D-402679A078FF}"
EndProject
Project("{FAE04EC0-301F-11D3-BF4B-00C04F79EFBC}") = "CornerParser", "..\..\Bukur\CornerParser\CornerParser.csproj", "{D9137955-419D-4D4A-8FD3-7E7E278D8ECE}"
EndProject
Global
	GlobalSection(SolutionConfigurationPlatforms) = preSolution
		Debug|Any CPU = Debug|Any CPU
		Release|Any CPU = Release|Any CPU
	EndGlobalSection
	GlobalSection(ProjectConfigurationPlatforms) = postSolution
		{F42538F9-F576-4404-804D-402679A078FF}.Debug|Any CPU.ActiveCfg = Debug|Any CPU
		{F42538F9-F576-4404-804D-402679A078FF}.Debug|Any CPU.Build.0 = Debug|Any CPU
		{F42538F9-F576-4404-804D-402679A078FF}.Release|Any CPU.ActiveCfg = Release|Any CPU
		{F42538F9-F576-4404-804D-402679A078FF}.Release|Any CPU.Build.0 = Release|Any CPU
		{D9137955-419D-4D4A-8FD3-7E7E278D8ECE}.Debug|Any CPU.ActiveCfg = Debug|Any CPU
		{D9137955-419D-4D4A-8FD3-7E7E278D8ECE}.Debug|Any CPU.Build.0 = Debug|Any CPU
		{D9137955-419D-4D4A-8FD3-7E7E278D8ECE}.Release|Any CPU.ActiveCfg = Release|Any CPU
		{D9137955-419D-4D4A-8FD3-7E7E278D8ECE}.Release|Any CPU.Build.0 = Release|Any CPU
	EndGlobalSection
	GlobalSection(SolutionProperties) = preSolution
		HideSolutionNode = FALSE
	EndGlobalSection
	GlobalSection(ExtensibilityGlobals) = postSolution
		SolutionGuid = {E4E8DB5B-1BAA-448D-B433-3B24FE9F0FE6}
	EndGlobalSection
EndGlobal
